
Microsoft Visual Studio Solution File, Format Version 12.00
# Visual Studio Version 17
VisualStudioVersion = 17.11.35222.181
MinimumVisualStudioVersion = 10.0.40219.1
Project("{2150E333-8FDC-42A3-9474-1A3956D46DE8}") = "Lesson_Exception_Handling", "Lesson_Exception_Handling", "{9DFAABF8-8C10-4FED-B9A9-85EE039977CB}"
EndProject
Project("{9A19103F-16F7-4668-BE54-9A1E7A4F7556}") = "Lesson_Erors_Bugs_Exceptions", "Lesson_Exception_Handling\Lesson_Erors_Bugs_Exceptions\Lesson_Erors_Bugs_Exceptions.csproj", "{FF1BD334-3B66-458F-8D5B-BB35DE915205}"
EndProject
Project("{9A19103F-16F7-4668-BE54-9A1E7A4F7556}") = "Lesson_Exception_Handling_001", "Lesson_Exception_Handling\Lesson_Exception_Handling_001\Lesson_Exception_Handling_001.csproj", "{7F52C610-6019-4D57-879A-AB3F1625B47A}"
EndProject
Project("{9A19103F-16F7-4668-BE54-9A1E7A4F7556}") = "Lesson_Exception_Handling_002", "Lesson_Exception_Handling\Lesson_Exception_Handling_002\Lesson_Exception_Handling_002.csproj", "{2FABD0AA-0356-489A-927B-FF51419BB31C}"
EndProject
Project("{9A19103F-16F7-4668-BE54-9A1E7A4F7556}") = "Lesson_Exception_Handling_003", "Lesson_Exception_Handling\Lesson_Exception_Handling_003\Lesson_Exception_Handling_003.csproj", "{346222B4-9965-47F1-A2BA-D0770B510170}"
EndProject
Project("{9A19103F-16F7-4668-BE54-9A1E7A4F7556}") = "Lesson_Exception_Handling_004", "Lesson_Exception_Handling\Lesson_Exception_Handling_004\Lesson_Exception_Handling_004.csproj", "{86364E09-B29B-4428-95FC-0A77803C2E1A}"
EndProject
Project("{9A19103F-16F7-4668-BE54-9A1E7A4F7556}") = "Lesson_Exception_Handling_005", "Lesson_Exception_Handling\Lesson_Exception_Handling_005\Lesson_Exception_Handling_005.csproj", "{CE471E7B-1EFA-4BE1-8429-983D190A72F5}"
EndProject
Project("{9A19103F-16F7-4668-BE54-9A1E7A4F7556}") = "Lesson_Exception_Handling_006", "Lesson_Exception_Handling\Lesson_Exception_Handling_006\Lesson_Exception_Handling_006.csproj", "{C95BA74C-7FBA-4C6D-BC83-41B3D21246EC}"
EndProject
Project("{9A19103F-16F7-4668-BE54-9A1E7A4F7556}") = "Lesson_Exception_Handling_007", "Lesson_Exception_Handling\Lesson_Exception_Handling_007\Lesson_Exception_Handling_007.csproj", "{AD19EA88-DE73-495E-88FD-6CF7C55C1D9D}"
EndProject
Project("{9A19103F-16F7-4668-BE54-9A1E7A4F7556}") = "Lesson_Exception_Handling_008", "Lesson_Exception_Handling\Lesson_Exception_Handling_008\Lesson_Exception_Handling_008.csproj", "{54151423-AA52-4740-85D4-86842D81CEBC}"
EndProject
Project("{9A19103F-16F7-4668-BE54-9A1E7A4F7556}") = "Lesson_Exception_Handling_009", "Lesson_Exception_Handling\Lesson_Exception_Handling_009\Lesson_Exception_Handling_009.csproj", "{ED24C880-0D01-4564-9FB4-150CED9D773F}"
EndProject
Project("{9A19103F-16F7-4668-BE54-9A1E7A4F7556}") = "Lesson_Exception_Handling_010", "Lesson_Exception_Handling\Lesson_Exception_Handling_010\Lesson_Exception_Handling_010.csproj", "{4EA50CED-8443-45B7-8ED7-B6BD9B193913}"
EndProject
Project("{9A19103F-16F7-4668-BE54-9A1E7A4F7556}") = "Lesson_Exception_Handling_011", "Lesson_Exception_Handling\Lesson_Exception_Handling_011\Lesson_Exception_Handling_011.csproj", "{CC8C28A9-6A5E-4729-9DD3-820B08F00F0A}"
EndProject
Project("{9A19103F-16F7-4668-BE54-9A1E7A4F7556}") = "Lesson_Exception_Handling_012", "Lesson_Exception_Handling\Lesson_Exception_Handling_012\Lesson_Exception_Handling_012.csproj", "{E257C16A-7CE3-4921-A83A-9922B7F47C16}"
EndProject
Project("{9A19103F-16F7-4668-BE54-9A1E7A4F7556}") = "Lesson_Exception_Handling_013", "Lesson_Exception_Handling\Lesson_Exception_Handling_013\Lesson_Exception_Handling_013.csproj", "{F89F59C0-724F-4712-9C48-AD398BDFC43A}"
EndProject
Project("{9A19103F-16F7-4668-BE54-9A1E7A4F7556}") = "Lesson_Exception_Handling_014", "Lesson_Exception_Handling\Lesson_Exception_Handling_014\Lesson_Exception_Handling_014.csproj", "{A8FF790E-8974-4D4B-BFC5-364933DD3BCC}"
EndProject
Project("{9A19103F-16F7-4668-BE54-9A1E7A4F7556}") = "Lesson_Exception_Handling_015_using", "Lesson_Exception_Handling\Lesson_Exception_Handling_015_using\Lesson_Exception_Handling_015_using.csproj", "{1DE17E16-B668-41FB-9F23-C51EEC99EFEF}"
EndProject
Project("{9A19103F-16F7-4668-BE54-9A1E7A4F7556}") = "Lesson_Exception_Handling_016", "Lesson_Exception_Handling\Lesson_Exception_Handling_016\Lesson_Exception_Handling_016.csproj", "{86210170-C70D-4B29-B2DB-FF53F044B093}"
EndProject
Project("{9A19103F-16F7-4668-BE54-9A1E7A4F7556}") = "Lesson_Exception_Handling_017", "Lesson_Exception_Handling\Lesson_Exception_Handling_017\Lesson_Exception_Handling_017.csproj", "{11D83F6A-B7BB-4A51-BAC1-CDA9A9AD8C53}"
EndProject
Project("{9A19103F-16F7-4668-BE54-9A1E7A4F7556}") = "Lesson_Exception_Handling_018", "Lesson_Exception_Handling\Lesson_Exception_Handling_018\Lesson_Exception_Handling_018.csproj", "{06803C82-6844-4FDA-BC0E-1169DA307B89}"
EndProject
Project("{2150E333-8FDC-42A3-9474-1A3956D46DE8}") = "Lesson_Linq", "Lesson_Linq", "{F3BF1557-1643-4BD4-BDD2-3598E17719F9}"
EndProject
Project("{9A19103F-16F7-4668-BE54-9A1E7A4F7556}") = "Lesson_Exception_Handling_019", "Lesson_Exception_Handling\Lesson_Exception_Handling_019\Lesson_Exception_Handling_019.csproj", "{4AE935EC-E1AD-4CF8-86CA-3156A5A75CEB}"
EndProject
Project("{9A19103F-16F7-4668-BE54-9A1E7A4F7556}") = "LinqShared", "Lesson_Linq\LinqShared\LinqShared.csproj", "{2BE6FAE8-C939-4ED5-8C2B-21D8679FCA10}"
EndProject
Project("{9A19103F-16F7-4668-BE54-9A1E7A4F7556}") = "001_Linq", "Lesson_Linq\001_Linq\001_Linq.csproj", "{3D0B31A8-AB33-4F72-A691-5151DE92E7B6}"
EndProject
Project("{9A19103F-16F7-4668-BE54-9A1E7A4F7556}") = "002_Linq_any", "Lesson_Linq\002_Linq_any\002_Linq_any.csproj", "{AB2FCF6F-15E5-4FF0-A9FF-075522026855}"
EndProject
Project("{9A19103F-16F7-4668-BE54-9A1E7A4F7556}") = "002_Linq_contains", "Lesson_Linq\002_Linq_contains\002_Linq_contains.csproj", "{6A5C3C5E-01BC-419E-BFA2-7652ECA55F99}"
EndProject
Project("{9A19103F-16F7-4668-BE54-9A1E7A4F7556}") = "002_Linq_count", "Lesson_Linq\002_Linq_count\002_Linq_count.csproj", "{064CA4BB-5A4E-40AD-A32E-950F1DF08AED}"
EndProject
Project("{9A19103F-16F7-4668-BE54-9A1E7A4F7556}") = "002_Linq_distinct", "Lesson_Linq\002_Linq_distinct\002_Linq_distinct.csproj", "{FF16E804-A4B0-4E83-8AD3-52B4FB3540CB}"
EndProject
Project("{9A19103F-16F7-4668-BE54-9A1E7A4F7556}") = "002_Linq_firstLast", "Lesson_Linq\002_Linq_firstLast\002_Linq_firstLast.csproj", "{A102E7C5-1C43-4694-BD97-DEF8ACF404F8}"
EndProject
Project("{9A19103F-16F7-4668-BE54-9A1E7A4F7556}") = "002_Linq_orderBy", "Lesson_Linq\002_Linq_orderBy\002_Linq_orderBy.csproj", "{C957FFC9-1B1D-4AA1-824B-C1940CD43F45}"
EndProject
Project("{9A19103F-16F7-4668-BE54-9A1E7A4F7556}") = "002_Linq_select", "Lesson_Linq\002_Linq_select\002_Linq_select.csproj", "{092CB6E6-41E5-4CA1-9B53-83717D35CA92}"
EndProject
Project("{9A19103F-16F7-4668-BE54-9A1E7A4F7556}") = "002_Linq_where", "Lesson_Linq\002_Linq_where\002_Linq_where.csproj", "{285BF2F5-783B-43F2-B7D5-51C38D6A5C3D}"
EndProject
Project("{9A19103F-16F7-4668-BE54-9A1E7A4F7556}") = "003_Linq", "Lesson_Linq\003_Linq\003_Linq.csproj", "{F3BC32F1-44F0-4581-86F0-3AC0BC9FA656}"
EndProject
Project("{2150E333-8FDC-42A3-9474-1A3956D46DE8}") = "Exercises", "Exercises", "{655180C1-85E8-46ED-B422-4DF011BE6A20}"
EndProject
Project("{9A19103F-16F7-4668-BE54-9A1E7A4F7556}") = "ExercisesForPractice", "Lesson_Linq\Exercises\ExercisesForPractice\ExercisesForPractice.csproj", "{BE9C7C12-69A0-4F33-BE43-8128CBC033BC}"
EndProject
Project("{9A19103F-16F7-4668-BE54-9A1E7A4F7556}") = "ExercisesSolutions", "Lesson_Linq\Exercises\ExercisesSolutions\ExercisesSolutions.csproj", "{7E40A589-6F75-455A-A49A-255A2A81862A}"
EndProject
Project("{9A19103F-16F7-4668-BE54-9A1E7A4F7556}") = "ExercisesTests", "Lesson_Linq\Exercises\ExercisesTests\ExercisesTests.csproj", "{D78226C0-D3D9-4FA7-B0B6-22E7A20146FC}"
EndProject
Project("{2150E333-8FDC-42A3-9474-1A3956D46DE8}") = "Lesson_Threads", "Lesson_Threads", "{C957FAFB-595C-4213-8806-2E6647C5E080}"
EndProject
Project("{9A19103F-16F7-4668-BE54-9A1E7A4F7556}") = "001_Threads", "Lesson_Threads\001_Threads\001_Threads.csproj", "{95CACE04-1BA1-473D-ABFB-617E09A5B9F1}"
EndProject
Project("{9A19103F-16F7-4668-BE54-9A1E7A4F7556}") = "002_Threads", "Lesson_Threads\002_Threads\002_Threads.csproj", "{8409B45F-4FDD-4380-9C31-89EE66A73749}"
EndProject
Project("{9A19103F-16F7-4668-BE54-9A1E7A4F7556}") = "003_Threads", "Lesson_Threads\003_Threads\003_Threads.csproj", "{9AC9D826-7C9D-41CD-A403-307ABC908C7C}"
EndProject
Project("{9A19103F-16F7-4668-BE54-9A1E7A4F7556}") = "004_Threads", "Lesson_Threads\004_Threads\004_Threads.csproj", "{1B4CD7E9-C436-47EB-AE10-2CA40948A5A9}"
EndProject
Project("{9A19103F-16F7-4668-BE54-9A1E7A4F7556}") = "005_Threads_Priorities", "Lesson_Threads\005_Threads_Priorities\005_Threads_Priorities.csproj", "{DCFA053B-E7E8-412B-AFE7-BA70A01333BB}"
EndProject
Project("{9A19103F-16F7-4668-BE54-9A1E7A4F7556}") = "006_Threads_Abort", "Lesson_Threads\006_Threads_Abort\006_Threads_Abort.csproj", "{D5F5DB10-A41A-4B6C-8D9B-A63E2D67F7E4}"
EndProject
Project("{9A19103F-16F7-4668-BE54-9A1E7A4F7556}") = "006_Threads_Background", "Lesson_Threads\006_Threads_Background\006_Threads_Background.csproj", "{94017E94-588D-4BB2-9B10-725EAEC1A956}"
EndProject
Project("{9A19103F-16F7-4668-BE54-9A1E7A4F7556}") = "007_Threads_same_resource", "Lesson_Threads\007_Threads_same_resource\007_Threads_same_resource.csproj", "{C2CA67CD-83CD-4E93-9010-DA0BB7F0BB07}"
EndProject
Project("{9A19103F-16F7-4668-BE54-9A1E7A4F7556}") = "007_Threads_same_resource_sync", "Lesson_Threads\007_Threads_same_resource_sync\007_Threads_same_resource_sync.csproj", "{1EC0DEB4-5C6E-4899-B15E-9072D0AE5898}"
EndProject
Project("{9A19103F-16F7-4668-BE54-9A1E7A4F7556}") = "008_Threads_Deadlock", "Lesson_Threads\008_Threads_Deadlock\008_Threads_Deadlock.csproj", "{32F3980F-3E28-4F2A-BBC0-734CC89252B4}"
EndProject
Project("{9A19103F-16F7-4668-BE54-9A1E7A4F7556}") = "009_Thread_ThreadPool", "Lesson_Threads\009_Thread_ThreadPool\009_Thread_ThreadPool.csproj", "{24E4B5A5-4269-4A3B-90EE-2F8A7AFABD79}"
EndProject
Project("{2150E333-8FDC-42A3-9474-1A3956D46DE8}") = "Lesson_Tasks", "Lesson_Tasks", "{D0F56085-09F9-48BB-BF59-8084370387F8}"
EndProject
Project("{9A19103F-16F7-4668-BE54-9A1E7A4F7556}") = "001_Tasks", "Lesson_Tasks\001_Tasks\001_Tasks.csproj", "{3A0646E7-BE05-4EB1-ABEE-879F0A1B34E0}"
EndProject
Project("{9A19103F-16F7-4668-BE54-9A1E7A4F7556}") = "002_Tasks", "Lesson_Tasks\002_Tasks\002_Tasks.csproj", "{594AC19B-0339-40E0-A451-287DA868FF9D}"
EndProject
Project("{9A19103F-16F7-4668-BE54-9A1E7A4F7556}") = "003_Tasks", "Lesson_Tasks\003_Tasks\003_Tasks.csproj", "{5EEAFEAA-BBC5-4A40-9E6E-90E0481026F3}"
EndProject
Project("{9A19103F-16F7-4668-BE54-9A1E7A4F7556}") = "004_Tasks", "Lesson_Tasks\004_Tasks\004_Tasks.csproj", "{907BFD0A-59E5-46A2-A16C-92940D097AF3}"
EndProject
Project("{9A19103F-16F7-4668-BE54-9A1E7A4F7556}") = "005_Tasks", "Lesson_Tasks\005_Tasks\005_Tasks.csproj", "{B67F5742-B3D0-4A75-B87A-6EC2C03E7C0C}"
EndProject
Project("{9A19103F-16F7-4668-BE54-9A1E7A4F7556}") = "001_1_Threads", "Lesson_Threads\001_1_Threads\001_1_Threads.csproj", "{4256217D-CFD2-4371-8EA5-30820DDCCC2B}"
EndProject
Project("{9A19103F-16F7-4668-BE54-9A1E7A4F7556}") = "001_2_Threads", "Lesson_Threads\001_2_Threads\001_2_Threads.csproj", "{1F92A566-397E-4295-8A25-40F6EAE099F6}"
EndProject
Project("{9A19103F-16F7-4668-BE54-9A1E7A4F7556}") = "001_3_Threads", "Lesson_Threads\001_3_Threads\001_3_Threads.csproj", "{878E6CAF-5E2E-41F7-84B3-73F8CBA09F6E}"
EndProject
Project("{9A19103F-16F7-4668-BE54-9A1E7A4F7556}") = "001_4_Threads", "Lesson_Threads\001_4_Threads\001_4_Threads.csproj", "{6AD581F1-8384-452D-82FF-C53377B7CD59}"
EndProject
Project("{9A19103F-16F7-4668-BE54-9A1E7A4F7556}") = "001_1_Tasks", "Lesson_Tasks\001_1_Tasks\001_1_Tasks.csproj", "{B3AFCD77-9A49-4982-ADAC-FEE621FA1B60}"
EndProject
Project("{9A19103F-16F7-4668-BE54-9A1E7A4F7556}") = "001_5_Threads", "Lesson_Threads\001_5_Threads\001_5_Threads.csproj", "{021C7345-92A2-4DAF-97D6-E0D9D135FA06}"
EndProject
Project("{9A19103F-16F7-4668-BE54-9A1E7A4F7556}") = "001_6_Threads", "Lesson_Threads\001_6_Threads\001_6_Threads.csproj", "{06E966BC-B4C6-466A-8BA6-EC1C53D9A28F}"
EndProject
Project("{9A19103F-16F7-4668-BE54-9A1E7A4F7556}") = "001_2_Tasks", "Lesson_Tasks\001_2_Tasks\001_2_Tasks.csproj", "{F364653E-7174-49BC-AD99-E29316DFC160}"
EndProject
Project("{9A19103F-16F7-4668-BE54-9A1E7A4F7556}") = "001_3_Tasks", "Lesson_Tasks\001_3_Tasks\001_3_Tasks.csproj", "{9661F990-8346-4A4F-A258-C2D3C0247DB6}"
EndProject
Project("{FAE04EC0-301F-11D3-BF4B-00C04F79EFBC}") = "001_4_Tasks", "Lesson_Tasks\001_4_Tasks\001_4_Tasks.csproj", "{396731EE-B28C-41E8-85FD-EC0056D82CE3}"
EndProject
Project("{FAE04EC0-301F-11D3-BF4B-00C04F79EFBC}") = "001_5_Tasks", "Lesson_Tasks\001_5_Tasks\001_5_Tasks.csproj", "{19D15333-8C87-40DF-94EF-EE7FB6D903AD}"
EndProject
Project("{FAE04EC0-301F-11D3-BF4B-00C04F79EFBC}") = "001_6_Tasks", "Lesson_Tasks\001_6_Tasks\001_6_Tasks.csproj", "{E422C42D-5E84-445E-8A38-B6C912F8232B}"
EndProject
Project("{FAE04EC0-301F-11D3-BF4B-00C04F79EFBC}") = "001_7_Tasks", "Lesson_Tasks\001_7_Tasks\001_7_Tasks.csproj", "{9858AD94-9C55-4C87-B1B0-CA31AA76C712}"
EndProject
Project("{FAE04EC0-301F-11D3-BF4B-00C04F79EFBC}") = "001_8_Tasks", "Lesson_Tasks\001_8_Tasks\001_8_Tasks.csproj", "{54D104AE-7C21-4BED-B146-5B95D9DD40C0}"
EndProject
Project("{2150E333-8FDC-42A3-9474-1A3956D46DE8}") = "Lesson_Tasks_Canceling", "Lesson_Tasks_Canceling", "{FD62564A-0660-4FB7-81AA-04A600A5F01F}"
EndProject
Project("{FAE04EC0-301F-11D3-BF4B-00C04F79EFBC}") = "001_Tasks_Canceling", "Lesson_Tasks_Canceling\001_Tasks_Canceling\001_Tasks_Canceling.csproj", "{9F4EDC84-23B9-4523-8F00-B1ACC7BA9D3F}"
EndProject
Project("{FAE04EC0-301F-11D3-BF4B-00C04F79EFBC}") = "001_Tasks_Lifecycle", "Lesson_Tasks_Canceling\001_Tasks_Lifecycle\001_Tasks_Lifecycle.csproj", "{D26BF7C9-2948-417B-AC4D-8C98E804D653}"
EndProject
Project("{FAE04EC0-301F-11D3-BF4B-00C04F79EFBC}") = "001_Tasks_CancelWithCorrectStatus", "Lesson_Tasks_Canceling\001_Tasks_CancelWithCorrectStatus\001_Tasks_CancelWithCorrectStatus.csproj", "{B6103B4B-A36A-42FA-8CC3-DAD5EC359DE1}"
EndProject
Project("{FAE04EC0-301F-11D3-BF4B-00C04F79EFBC}") = "001_Tasks_Exceptions_in_other_thread", "Lesson_Tasks\001_Tasks_Exceptions_in_other_thread\001_Tasks_Exceptions_in_other_thread.csproj", "{55B9D0A2-975C-465D-94CC-4A46C6B1948C}"
EndProject
Project("{FAE04EC0-301F-11D3-BF4B-00C04F79EFBC}") = "001_Tasks_Exceptions_in_other_task", "Lesson_Tasks_Canceling\001_Tasks_Exceptions_in_other_task\001_Tasks_Exceptions_in_other_task.csproj", "{47385738-A066-49F6-B6CF-E8549EDD9F3E}"
EndProject
Project("{FAE04EC0-301F-11D3-BF4B-00C04F79EFBC}") = "001_Tasks_Exceptions_asyncron_handle", "Lesson_Tasks_Canceling\001_Tasks_Exceptions_asyncron_handle\001_Tasks_Exceptions_asyncron_handle.csproj", "{6C56DE95-8430-4896-A894-C8D306FD9D2F}"
EndProject
Project("{FAE04EC0-301F-11D3-BF4B-00C04F79EFBC}") = "001_Tasks_Exceptions_agregate", "Lesson_Tasks_Canceling\001_Tasks_Exceptions_agregate\001_Tasks_Exceptions_agregate.csproj", "{C17E3930-F0A9-4F80-A7B2-73443EC88080}"
EndProject
Project("{FAE04EC0-301F-11D3-BF4B-00C04F79EFBC}") = "001_Tasks_multiple_continuatins", "Lesson_Tasks_Canceling\001_Tasks_multiple_continuatins\001_Tasks_multiple_continuatins.csproj", "{006AACE1-9218-438E-A46F-67F3E9913521}"
EndProject
Project("{FAE04EC0-301F-11D3-BF4B-00C04F79EFBC}") = "001_Tasks_Handle_task_cancellation", "Lesson_Tasks_Canceling\001_Tasks_Handle_task_cancellation\001_Tasks_Handle_task_cancellation.csproj", "{63C8D7CD-1776-4BBA-A50C-F4F67CF537F5}"
EndProject
Global
	GlobalSection(SolutionConfigurationPlatforms) = preSolution
		Debug|Any CPU = Debug|Any CPU
		Release|Any CPU = Release|Any CPU
	EndGlobalSection
	GlobalSection(ProjectConfigurationPlatforms) = postSolution
		{FF1BD334-3B66-458F-8D5B-BB35DE915205}.Debug|Any CPU.ActiveCfg = Debug|Any CPU
		{FF1BD334-3B66-458F-8D5B-BB35DE915205}.Debug|Any CPU.Build.0 = Debug|Any CPU
		{FF1BD334-3B66-458F-8D5B-BB35DE915205}.Release|Any CPU.ActiveCfg = Release|Any CPU
		{FF1BD334-3B66-458F-8D5B-BB35DE915205}.Release|Any CPU.Build.0 = Release|Any CPU
		{7F52C610-6019-4D57-879A-AB3F1625B47A}.Debug|Any CPU.ActiveCfg = Debug|Any CPU
		{7F52C610-6019-4D57-879A-AB3F1625B47A}.Debug|Any CPU.Build.0 = Debug|Any CPU
		{7F52C610-6019-4D57-879A-AB3F1625B47A}.Release|Any CPU.ActiveCfg = Release|Any CPU
		{7F52C610-6019-4D57-879A-AB3F1625B47A}.Release|Any CPU.Build.0 = Release|Any CPU
		{2FABD0AA-0356-489A-927B-FF51419BB31C}.Debug|Any CPU.ActiveCfg = Debug|Any CPU
		{2FABD0AA-0356-489A-927B-FF51419BB31C}.Debug|Any CPU.Build.0 = Debug|Any CPU
		{2FABD0AA-0356-489A-927B-FF51419BB31C}.Release|Any CPU.ActiveCfg = Release|Any CPU
		{2FABD0AA-0356-489A-927B-FF51419BB31C}.Release|Any CPU.Build.0 = Release|Any CPU
		{346222B4-9965-47F1-A2BA-D0770B510170}.Debug|Any CPU.ActiveCfg = Debug|Any CPU
		{346222B4-9965-47F1-A2BA-D0770B510170}.Debug|Any CPU.Build.0 = Debug|Any CPU
		{346222B4-9965-47F1-A2BA-D0770B510170}.Release|Any CPU.ActiveCfg = Release|Any CPU
		{346222B4-9965-47F1-A2BA-D0770B510170}.Release|Any CPU.Build.0 = Release|Any CPU
		{86364E09-B29B-4428-95FC-0A77803C2E1A}.Debug|Any CPU.ActiveCfg = Debug|Any CPU
		{86364E09-B29B-4428-95FC-0A77803C2E1A}.Debug|Any CPU.Build.0 = Debug|Any CPU
		{86364E09-B29B-4428-95FC-0A77803C2E1A}.Release|Any CPU.ActiveCfg = Release|Any CPU
		{86364E09-B29B-4428-95FC-0A77803C2E1A}.Release|Any CPU.Build.0 = Release|Any CPU
		{CE471E7B-1EFA-4BE1-8429-983D190A72F5}.Debug|Any CPU.ActiveCfg = Debug|Any CPU
		{CE471E7B-1EFA-4BE1-8429-983D190A72F5}.Debug|Any CPU.Build.0 = Debug|Any CPU
		{CE471E7B-1EFA-4BE1-8429-983D190A72F5}.Release|Any CPU.ActiveCfg = Release|Any CPU
		{CE471E7B-1EFA-4BE1-8429-983D190A72F5}.Release|Any CPU.Build.0 = Release|Any CPU
		{C95BA74C-7FBA-4C6D-BC83-41B3D21246EC}.Debug|Any CPU.ActiveCfg = Debug|Any CPU
		{C95BA74C-7FBA-4C6D-BC83-41B3D21246EC}.Debug|Any CPU.Build.0 = Debug|Any CPU
		{C95BA74C-7FBA-4C6D-BC83-41B3D21246EC}.Release|Any CPU.ActiveCfg = Release|Any CPU
		{C95BA74C-7FBA-4C6D-BC83-41B3D21246EC}.Release|Any CPU.Build.0 = Release|Any CPU
		{AD19EA88-DE73-495E-88FD-6CF7C55C1D9D}.Debug|Any CPU.ActiveCfg = Debug|Any CPU
		{AD19EA88-DE73-495E-88FD-6CF7C55C1D9D}.Debug|Any CPU.Build.0 = Debug|Any CPU
		{AD19EA88-DE73-495E-88FD-6CF7C55C1D9D}.Release|Any CPU.ActiveCfg = Release|Any CPU
		{AD19EA88-DE73-495E-88FD-6CF7C55C1D9D}.Release|Any CPU.Build.0 = Release|Any CPU
		{54151423-AA52-4740-85D4-86842D81CEBC}.Debug|Any CPU.ActiveCfg = Debug|Any CPU
		{54151423-AA52-4740-85D4-86842D81CEBC}.Debug|Any CPU.Build.0 = Debug|Any CPU
		{54151423-AA52-4740-85D4-86842D81CEBC}.Release|Any CPU.ActiveCfg = Release|Any CPU
		{54151423-AA52-4740-85D4-86842D81CEBC}.Release|Any CPU.Build.0 = Release|Any CPU
		{ED24C880-0D01-4564-9FB4-150CED9D773F}.Debug|Any CPU.ActiveCfg = Debug|Any CPU
		{ED24C880-0D01-4564-9FB4-150CED9D773F}.Debug|Any CPU.Build.0 = Debug|Any CPU
		{ED24C880-0D01-4564-9FB4-150CED9D773F}.Release|Any CPU.ActiveCfg = Release|Any CPU
		{ED24C880-0D01-4564-9FB4-150CED9D773F}.Release|Any CPU.Build.0 = Release|Any CPU
		{4EA50CED-8443-45B7-8ED7-B6BD9B193913}.Debug|Any CPU.ActiveCfg = Debug|Any CPU
		{4EA50CED-8443-45B7-8ED7-B6BD9B193913}.Debug|Any CPU.Build.0 = Debug|Any CPU
		{4EA50CED-8443-45B7-8ED7-B6BD9B193913}.Release|Any CPU.ActiveCfg = Release|Any CPU
		{4EA50CED-8443-45B7-8ED7-B6BD9B193913}.Release|Any CPU.Build.0 = Release|Any CPU
		{CC8C28A9-6A5E-4729-9DD3-820B08F00F0A}.Debug|Any CPU.ActiveCfg = Debug|Any CPU
		{CC8C28A9-6A5E-4729-9DD3-820B08F00F0A}.Debug|Any CPU.Build.0 = Debug|Any CPU
		{CC8C28A9-6A5E-4729-9DD3-820B08F00F0A}.Release|Any CPU.ActiveCfg = Release|Any CPU
		{CC8C28A9-6A5E-4729-9DD3-820B08F00F0A}.Release|Any CPU.Build.0 = Release|Any CPU
		{E257C16A-7CE3-4921-A83A-9922B7F47C16}.Debug|Any CPU.ActiveCfg = Debug|Any CPU
		{E257C16A-7CE3-4921-A83A-9922B7F47C16}.Debug|Any CPU.Build.0 = Debug|Any CPU
		{E257C16A-7CE3-4921-A83A-9922B7F47C16}.Release|Any CPU.ActiveCfg = Release|Any CPU
		{E257C16A-7CE3-4921-A83A-9922B7F47C16}.Release|Any CPU.Build.0 = Release|Any CPU
		{F89F59C0-724F-4712-9C48-AD398BDFC43A}.Debug|Any CPU.ActiveCfg = Debug|Any CPU
		{F89F59C0-724F-4712-9C48-AD398BDFC43A}.Debug|Any CPU.Build.0 = Debug|Any CPU
		{F89F59C0-724F-4712-9C48-AD398BDFC43A}.Release|Any CPU.ActiveCfg = Release|Any CPU
		{F89F59C0-724F-4712-9C48-AD398BDFC43A}.Release|Any CPU.Build.0 = Release|Any CPU
		{A8FF790E-8974-4D4B-BFC5-364933DD3BCC}.Debug|Any CPU.ActiveCfg = Debug|Any CPU
		{A8FF790E-8974-4D4B-BFC5-364933DD3BCC}.Debug|Any CPU.Build.0 = Debug|Any CPU
		{A8FF790E-8974-4D4B-BFC5-364933DD3BCC}.Release|Any CPU.ActiveCfg = Release|Any CPU
		{A8FF790E-8974-4D4B-BFC5-364933DD3BCC}.Release|Any CPU.Build.0 = Release|Any CPU
		{1DE17E16-B668-41FB-9F23-C51EEC99EFEF}.Debug|Any CPU.ActiveCfg = Debug|Any CPU
		{1DE17E16-B668-41FB-9F23-C51EEC99EFEF}.Debug|Any CPU.Build.0 = Debug|Any CPU
		{1DE17E16-B668-41FB-9F23-C51EEC99EFEF}.Release|Any CPU.ActiveCfg = Release|Any CPU
		{1DE17E16-B668-41FB-9F23-C51EEC99EFEF}.Release|Any CPU.Build.0 = Release|Any CPU
		{86210170-C70D-4B29-B2DB-FF53F044B093}.Debug|Any CPU.ActiveCfg = Debug|Any CPU
		{86210170-C70D-4B29-B2DB-FF53F044B093}.Debug|Any CPU.Build.0 = Debug|Any CPU
		{86210170-C70D-4B29-B2DB-FF53F044B093}.Release|Any CPU.ActiveCfg = Release|Any CPU
		{86210170-C70D-4B29-B2DB-FF53F044B093}.Release|Any CPU.Build.0 = Release|Any CPU
		{11D83F6A-B7BB-4A51-BAC1-CDA9A9AD8C53}.Debug|Any CPU.ActiveCfg = Debug|Any CPU
		{11D83F6A-B7BB-4A51-BAC1-CDA9A9AD8C53}.Debug|Any CPU.Build.0 = Debug|Any CPU
		{11D83F6A-B7BB-4A51-BAC1-CDA9A9AD8C53}.Release|Any CPU.ActiveCfg = Release|Any CPU
		{11D83F6A-B7BB-4A51-BAC1-CDA9A9AD8C53}.Release|Any CPU.Build.0 = Release|Any CPU
		{06803C82-6844-4FDA-BC0E-1169DA307B89}.Debug|Any CPU.ActiveCfg = Debug|Any CPU
		{06803C82-6844-4FDA-BC0E-1169DA307B89}.Debug|Any CPU.Build.0 = Debug|Any CPU
		{06803C82-6844-4FDA-BC0E-1169DA307B89}.Release|Any CPU.ActiveCfg = Release|Any CPU
		{06803C82-6844-4FDA-BC0E-1169DA307B89}.Release|Any CPU.Build.0 = Release|Any CPU
		{4AE935EC-E1AD-4CF8-86CA-3156A5A75CEB}.Debug|Any CPU.ActiveCfg = Debug|Any CPU
		{4AE935EC-E1AD-4CF8-86CA-3156A5A75CEB}.Debug|Any CPU.Build.0 = Debug|Any CPU
		{4AE935EC-E1AD-4CF8-86CA-3156A5A75CEB}.Release|Any CPU.ActiveCfg = Release|Any CPU
		{4AE935EC-E1AD-4CF8-86CA-3156A5A75CEB}.Release|Any CPU.Build.0 = Release|Any CPU
		{2BE6FAE8-C939-4ED5-8C2B-21D8679FCA10}.Debug|Any CPU.ActiveCfg = Debug|Any CPU
		{2BE6FAE8-C939-4ED5-8C2B-21D8679FCA10}.Debug|Any CPU.Build.0 = Debug|Any CPU
		{2BE6FAE8-C939-4ED5-8C2B-21D8679FCA10}.Release|Any CPU.ActiveCfg = Release|Any CPU
		{2BE6FAE8-C939-4ED5-8C2B-21D8679FCA10}.Release|Any CPU.Build.0 = Release|Any CPU
		{3D0B31A8-AB33-4F72-A691-5151DE92E7B6}.Debug|Any CPU.ActiveCfg = Debug|Any CPU
		{3D0B31A8-AB33-4F72-A691-5151DE92E7B6}.Debug|Any CPU.Build.0 = Debug|Any CPU
		{3D0B31A8-AB33-4F72-A691-5151DE92E7B6}.Release|Any CPU.ActiveCfg = Release|Any CPU
		{3D0B31A8-AB33-4F72-A691-5151DE92E7B6}.Release|Any CPU.Build.0 = Release|Any CPU
		{AB2FCF6F-15E5-4FF0-A9FF-075522026855}.Debug|Any CPU.ActiveCfg = Debug|Any CPU
		{AB2FCF6F-15E5-4FF0-A9FF-075522026855}.Debug|Any CPU.Build.0 = Debug|Any CPU
		{AB2FCF6F-15E5-4FF0-A9FF-075522026855}.Release|Any CPU.ActiveCfg = Release|Any CPU
		{AB2FCF6F-15E5-4FF0-A9FF-075522026855}.Release|Any CPU.Build.0 = Release|Any CPU
		{6A5C3C5E-01BC-419E-BFA2-7652ECA55F99}.Debug|Any CPU.ActiveCfg = Debug|Any CPU
		{6A5C3C5E-01BC-419E-BFA2-7652ECA55F99}.Debug|Any CPU.Build.0 = Debug|Any CPU
		{6A5C3C5E-01BC-419E-BFA2-7652ECA55F99}.Release|Any CPU.ActiveCfg = Release|Any CPU
		{6A5C3C5E-01BC-419E-BFA2-7652ECA55F99}.Release|Any CPU.Build.0 = Release|Any CPU
		{064CA4BB-5A4E-40AD-A32E-950F1DF08AED}.Debug|Any CPU.ActiveCfg = Debug|Any CPU
		{064CA4BB-5A4E-40AD-A32E-950F1DF08AED}.Debug|Any CPU.Build.0 = Debug|Any CPU
		{064CA4BB-5A4E-40AD-A32E-950F1DF08AED}.Release|Any CPU.ActiveCfg = Release|Any CPU
		{064CA4BB-5A4E-40AD-A32E-950F1DF08AED}.Release|Any CPU.Build.0 = Release|Any CPU
		{FF16E804-A4B0-4E83-8AD3-52B4FB3540CB}.Debug|Any CPU.ActiveCfg = Debug|Any CPU
		{FF16E804-A4B0-4E83-8AD3-52B4FB3540CB}.Debug|Any CPU.Build.0 = Debug|Any CPU
		{FF16E804-A4B0-4E83-8AD3-52B4FB3540CB}.Release|Any CPU.ActiveCfg = Release|Any CPU
		{FF16E804-A4B0-4E83-8AD3-52B4FB3540CB}.Release|Any CPU.Build.0 = Release|Any CPU
		{A102E7C5-1C43-4694-BD97-DEF8ACF404F8}.Debug|Any CPU.ActiveCfg = Debug|Any CPU
		{A102E7C5-1C43-4694-BD97-DEF8ACF404F8}.Debug|Any CPU.Build.0 = Debug|Any CPU
		{A102E7C5-1C43-4694-BD97-DEF8ACF404F8}.Release|Any CPU.ActiveCfg = Release|Any CPU
		{A102E7C5-1C43-4694-BD97-DEF8ACF404F8}.Release|Any CPU.Build.0 = Release|Any CPU
		{C957FFC9-1B1D-4AA1-824B-C1940CD43F45}.Debug|Any CPU.ActiveCfg = Debug|Any CPU
		{C957FFC9-1B1D-4AA1-824B-C1940CD43F45}.Debug|Any CPU.Build.0 = Debug|Any CPU
		{C957FFC9-1B1D-4AA1-824B-C1940CD43F45}.Release|Any CPU.ActiveCfg = Release|Any CPU
		{C957FFC9-1B1D-4AA1-824B-C1940CD43F45}.Release|Any CPU.Build.0 = Release|Any CPU
		{092CB6E6-41E5-4CA1-9B53-83717D35CA92}.Debug|Any CPU.ActiveCfg = Debug|Any CPU
		{092CB6E6-41E5-4CA1-9B53-83717D35CA92}.Debug|Any CPU.Build.0 = Debug|Any CPU
		{092CB6E6-41E5-4CA1-9B53-83717D35CA92}.Release|Any CPU.ActiveCfg = Release|Any CPU
		{092CB6E6-41E5-4CA1-9B53-83717D35CA92}.Release|Any CPU.Build.0 = Release|Any CPU
		{285BF2F5-783B-43F2-B7D5-51C38D6A5C3D}.Debug|Any CPU.ActiveCfg = Debug|Any CPU
		{285BF2F5-783B-43F2-B7D5-51C38D6A5C3D}.Debug|Any CPU.Build.0 = Debug|Any CPU
		{285BF2F5-783B-43F2-B7D5-51C38D6A5C3D}.Release|Any CPU.ActiveCfg = Release|Any CPU
		{285BF2F5-783B-43F2-B7D5-51C38D6A5C3D}.Release|Any CPU.Build.0 = Release|Any CPU
		{F3BC32F1-44F0-4581-86F0-3AC0BC9FA656}.Debug|Any CPU.ActiveCfg = Debug|Any CPU
		{F3BC32F1-44F0-4581-86F0-3AC0BC9FA656}.Debug|Any CPU.Build.0 = Debug|Any CPU
		{F3BC32F1-44F0-4581-86F0-3AC0BC9FA656}.Release|Any CPU.ActiveCfg = Release|Any CPU
		{F3BC32F1-44F0-4581-86F0-3AC0BC9FA656}.Release|Any CPU.Build.0 = Release|Any CPU
		{BE9C7C12-69A0-4F33-BE43-8128CBC033BC}.Debug|Any CPU.ActiveCfg = Debug|Any CPU
		{BE9C7C12-69A0-4F33-BE43-8128CBC033BC}.Debug|Any CPU.Build.0 = Debug|Any CPU
		{BE9C7C12-69A0-4F33-BE43-8128CBC033BC}.Release|Any CPU.ActiveCfg = Release|Any CPU
		{BE9C7C12-69A0-4F33-BE43-8128CBC033BC}.Release|Any CPU.Build.0 = Release|Any CPU
		{7E40A589-6F75-455A-A49A-255A2A81862A}.Debug|Any CPU.ActiveCfg = Debug|Any CPU
		{7E40A589-6F75-455A-A49A-255A2A81862A}.Debug|Any CPU.Build.0 = Debug|Any CPU
		{7E40A589-6F75-455A-A49A-255A2A81862A}.Release|Any CPU.ActiveCfg = Release|Any CPU
		{7E40A589-6F75-455A-A49A-255A2A81862A}.Release|Any CPU.Build.0 = Release|Any CPU
		{D78226C0-D3D9-4FA7-B0B6-22E7A20146FC}.Debug|Any CPU.ActiveCfg = Debug|Any CPU
		{D78226C0-D3D9-4FA7-B0B6-22E7A20146FC}.Debug|Any CPU.Build.0 = Debug|Any CPU
		{D78226C0-D3D9-4FA7-B0B6-22E7A20146FC}.Release|Any CPU.ActiveCfg = Release|Any CPU
		{D78226C0-D3D9-4FA7-B0B6-22E7A20146FC}.Release|Any CPU.Build.0 = Release|Any CPU
		{95CACE04-1BA1-473D-ABFB-617E09A5B9F1}.Debug|Any CPU.ActiveCfg = Debug|Any CPU
		{95CACE04-1BA1-473D-ABFB-617E09A5B9F1}.Debug|Any CPU.Build.0 = Debug|Any CPU
		{95CACE04-1BA1-473D-ABFB-617E09A5B9F1}.Release|Any CPU.ActiveCfg = Release|Any CPU
		{95CACE04-1BA1-473D-ABFB-617E09A5B9F1}.Release|Any CPU.Build.0 = Release|Any CPU
		{8409B45F-4FDD-4380-9C31-89EE66A73749}.Debug|Any CPU.ActiveCfg = Debug|Any CPU
		{8409B45F-4FDD-4380-9C31-89EE66A73749}.Debug|Any CPU.Build.0 = Debug|Any CPU
		{8409B45F-4FDD-4380-9C31-89EE66A73749}.Release|Any CPU.ActiveCfg = Release|Any CPU
		{8409B45F-4FDD-4380-9C31-89EE66A73749}.Release|Any CPU.Build.0 = Release|Any CPU
		{9AC9D826-7C9D-41CD-A403-307ABC908C7C}.Debug|Any CPU.ActiveCfg = Debug|Any CPU
		{9AC9D826-7C9D-41CD-A403-307ABC908C7C}.Debug|Any CPU.Build.0 = Debug|Any CPU
		{9AC9D826-7C9D-41CD-A403-307ABC908C7C}.Release|Any CPU.ActiveCfg = Release|Any CPU
		{9AC9D826-7C9D-41CD-A403-307ABC908C7C}.Release|Any CPU.Build.0 = Release|Any CPU
		{1B4CD7E9-C436-47EB-AE10-2CA40948A5A9}.Debug|Any CPU.ActiveCfg = Debug|Any CPU
		{1B4CD7E9-C436-47EB-AE10-2CA40948A5A9}.Debug|Any CPU.Build.0 = Debug|Any CPU
		{1B4CD7E9-C436-47EB-AE10-2CA40948A5A9}.Release|Any CPU.ActiveCfg = Release|Any CPU
		{1B4CD7E9-C436-47EB-AE10-2CA40948A5A9}.Release|Any CPU.Build.0 = Release|Any CPU
		{DCFA053B-E7E8-412B-AFE7-BA70A01333BB}.Debug|Any CPU.ActiveCfg = Debug|Any CPU
		{DCFA053B-E7E8-412B-AFE7-BA70A01333BB}.Debug|Any CPU.Build.0 = Debug|Any CPU
		{DCFA053B-E7E8-412B-AFE7-BA70A01333BB}.Release|Any CPU.ActiveCfg = Release|Any CPU
		{DCFA053B-E7E8-412B-AFE7-BA70A01333BB}.Release|Any CPU.Build.0 = Release|Any CPU
		{D5F5DB10-A41A-4B6C-8D9B-A63E2D67F7E4}.Debug|Any CPU.ActiveCfg = Debug|Any CPU
		{D5F5DB10-A41A-4B6C-8D9B-A63E2D67F7E4}.Debug|Any CPU.Build.0 = Debug|Any CPU
		{D5F5DB10-A41A-4B6C-8D9B-A63E2D67F7E4}.Release|Any CPU.ActiveCfg = Release|Any CPU
		{D5F5DB10-A41A-4B6C-8D9B-A63E2D67F7E4}.Release|Any CPU.Build.0 = Release|Any CPU
		{94017E94-588D-4BB2-9B10-725EAEC1A956}.Debug|Any CPU.ActiveCfg = Debug|Any CPU
		{94017E94-588D-4BB2-9B10-725EAEC1A956}.Debug|Any CPU.Build.0 = Debug|Any CPU
		{94017E94-588D-4BB2-9B10-725EAEC1A956}.Release|Any CPU.ActiveCfg = Release|Any CPU
		{94017E94-588D-4BB2-9B10-725EAEC1A956}.Release|Any CPU.Build.0 = Release|Any CPU
		{C2CA67CD-83CD-4E93-9010-DA0BB7F0BB07}.Debug|Any CPU.ActiveCfg = Debug|Any CPU
		{C2CA67CD-83CD-4E93-9010-DA0BB7F0BB07}.Debug|Any CPU.Build.0 = Debug|Any CPU
		{C2CA67CD-83CD-4E93-9010-DA0BB7F0BB07}.Release|Any CPU.ActiveCfg = Release|Any CPU
		{C2CA67CD-83CD-4E93-9010-DA0BB7F0BB07}.Release|Any CPU.Build.0 = Release|Any CPU
		{1EC0DEB4-5C6E-4899-B15E-9072D0AE5898}.Debug|Any CPU.ActiveCfg = Debug|Any CPU
		{1EC0DEB4-5C6E-4899-B15E-9072D0AE5898}.Debug|Any CPU.Build.0 = Debug|Any CPU
		{1EC0DEB4-5C6E-4899-B15E-9072D0AE5898}.Release|Any CPU.ActiveCfg = Release|Any CPU
		{1EC0DEB4-5C6E-4899-B15E-9072D0AE5898}.Release|Any CPU.Build.0 = Release|Any CPU
		{32F3980F-3E28-4F2A-BBC0-734CC89252B4}.Debug|Any CPU.ActiveCfg = Debug|Any CPU
		{32F3980F-3E28-4F2A-BBC0-734CC89252B4}.Debug|Any CPU.Build.0 = Debug|Any CPU
		{32F3980F-3E28-4F2A-BBC0-734CC89252B4}.Release|Any CPU.ActiveCfg = Release|Any CPU
		{32F3980F-3E28-4F2A-BBC0-734CC89252B4}.Release|Any CPU.Build.0 = Release|Any CPU
		{24E4B5A5-4269-4A3B-90EE-2F8A7AFABD79}.Debug|Any CPU.ActiveCfg = Debug|Any CPU
		{24E4B5A5-4269-4A3B-90EE-2F8A7AFABD79}.Debug|Any CPU.Build.0 = Debug|Any CPU
		{24E4B5A5-4269-4A3B-90EE-2F8A7AFABD79}.Release|Any CPU.ActiveCfg = Release|Any CPU
		{24E4B5A5-4269-4A3B-90EE-2F8A7AFABD79}.Release|Any CPU.Build.0 = Release|Any CPU
		{3A0646E7-BE05-4EB1-ABEE-879F0A1B34E0}.Debug|Any CPU.ActiveCfg = Debug|Any CPU
		{3A0646E7-BE05-4EB1-ABEE-879F0A1B34E0}.Debug|Any CPU.Build.0 = Debug|Any CPU
		{3A0646E7-BE05-4EB1-ABEE-879F0A1B34E0}.Release|Any CPU.ActiveCfg = Release|Any CPU
		{3A0646E7-BE05-4EB1-ABEE-879F0A1B34E0}.Release|Any CPU.Build.0 = Release|Any CPU
		{594AC19B-0339-40E0-A451-287DA868FF9D}.Debug|Any CPU.ActiveCfg = Debug|Any CPU
		{594AC19B-0339-40E0-A451-287DA868FF9D}.Debug|Any CPU.Build.0 = Debug|Any CPU
		{594AC19B-0339-40E0-A451-287DA868FF9D}.Release|Any CPU.ActiveCfg = Release|Any CPU
		{594AC19B-0339-40E0-A451-287DA868FF9D}.Release|Any CPU.Build.0 = Release|Any CPU
		{5EEAFEAA-BBC5-4A40-9E6E-90E0481026F3}.Debug|Any CPU.ActiveCfg = Debug|Any CPU
		{5EEAFEAA-BBC5-4A40-9E6E-90E0481026F3}.Debug|Any CPU.Build.0 = Debug|Any CPU
		{5EEAFEAA-BBC5-4A40-9E6E-90E0481026F3}.Release|Any CPU.ActiveCfg = Release|Any CPU
		{5EEAFEAA-BBC5-4A40-9E6E-90E0481026F3}.Release|Any CPU.Build.0 = Release|Any CPU
		{907BFD0A-59E5-46A2-A16C-92940D097AF3}.Debug|Any CPU.ActiveCfg = Debug|Any CPU
		{907BFD0A-59E5-46A2-A16C-92940D097AF3}.Debug|Any CPU.Build.0 = Debug|Any CPU
		{907BFD0A-59E5-46A2-A16C-92940D097AF3}.Release|Any CPU.ActiveCfg = Release|Any CPU
		{907BFD0A-59E5-46A2-A16C-92940D097AF3}.Release|Any CPU.Build.0 = Release|Any CPU
		{B67F5742-B3D0-4A75-B87A-6EC2C03E7C0C}.Debug|Any CPU.ActiveCfg = Debug|Any CPU
		{B67F5742-B3D0-4A75-B87A-6EC2C03E7C0C}.Debug|Any CPU.Build.0 = Debug|Any CPU
		{B67F5742-B3D0-4A75-B87A-6EC2C03E7C0C}.Release|Any CPU.ActiveCfg = Release|Any CPU
		{B67F5742-B3D0-4A75-B87A-6EC2C03E7C0C}.Release|Any CPU.Build.0 = Release|Any CPU
		{4256217D-CFD2-4371-8EA5-30820DDCCC2B}.Debug|Any CPU.ActiveCfg = Debug|Any CPU
		{4256217D-CFD2-4371-8EA5-30820DDCCC2B}.Debug|Any CPU.Build.0 = Debug|Any CPU
		{4256217D-CFD2-4371-8EA5-30820DDCCC2B}.Release|Any CPU.ActiveCfg = Release|Any CPU
		{4256217D-CFD2-4371-8EA5-30820DDCCC2B}.Release|Any CPU.Build.0 = Release|Any CPU
		{1F92A566-397E-4295-8A25-40F6EAE099F6}.Debug|Any CPU.ActiveCfg = Debug|Any CPU
		{1F92A566-397E-4295-8A25-40F6EAE099F6}.Debug|Any CPU.Build.0 = Debug|Any CPU
		{1F92A566-397E-4295-8A25-40F6EAE099F6}.Release|Any CPU.ActiveCfg = Release|Any CPU
		{1F92A566-397E-4295-8A25-40F6EAE099F6}.Release|Any CPU.Build.0 = Release|Any CPU
		{878E6CAF-5E2E-41F7-84B3-73F8CBA09F6E}.Debug|Any CPU.ActiveCfg = Debug|Any CPU
		{878E6CAF-5E2E-41F7-84B3-73F8CBA09F6E}.Debug|Any CPU.Build.0 = Debug|Any CPU
		{878E6CAF-5E2E-41F7-84B3-73F8CBA09F6E}.Release|Any CPU.ActiveCfg = Release|Any CPU
		{878E6CAF-5E2E-41F7-84B3-73F8CBA09F6E}.Release|Any CPU.Build.0 = Release|Any CPU
		{6AD581F1-8384-452D-82FF-C53377B7CD59}.Debug|Any CPU.ActiveCfg = Debug|Any CPU
		{6AD581F1-8384-452D-82FF-C53377B7CD59}.Debug|Any CPU.Build.0 = Debug|Any CPU
		{6AD581F1-8384-452D-82FF-C53377B7CD59}.Release|Any CPU.ActiveCfg = Release|Any CPU
		{6AD581F1-8384-452D-82FF-C53377B7CD59}.Release|Any CPU.Build.0 = Release|Any CPU
		{B3AFCD77-9A49-4982-ADAC-FEE621FA1B60}.Debug|Any CPU.ActiveCfg = Debug|Any CPU
		{B3AFCD77-9A49-4982-ADAC-FEE621FA1B60}.Debug|Any CPU.Build.0 = Debug|Any CPU
		{B3AFCD77-9A49-4982-ADAC-FEE621FA1B60}.Release|Any CPU.ActiveCfg = Release|Any CPU
		{B3AFCD77-9A49-4982-ADAC-FEE621FA1B60}.Release|Any CPU.Build.0 = Release|Any CPU
		{021C7345-92A2-4DAF-97D6-E0D9D135FA06}.Debug|Any CPU.ActiveCfg = Debug|Any CPU
		{021C7345-92A2-4DAF-97D6-E0D9D135FA06}.Debug|Any CPU.Build.0 = Debug|Any CPU
		{021C7345-92A2-4DAF-97D6-E0D9D135FA06}.Release|Any CPU.ActiveCfg = Release|Any CPU
		{021C7345-92A2-4DAF-97D6-E0D9D135FA06}.Release|Any CPU.Build.0 = Release|Any CPU
		{06E966BC-B4C6-466A-8BA6-EC1C53D9A28F}.Debug|Any CPU.ActiveCfg = Debug|Any CPU
		{06E966BC-B4C6-466A-8BA6-EC1C53D9A28F}.Debug|Any CPU.Build.0 = Debug|Any CPU
		{06E966BC-B4C6-466A-8BA6-EC1C53D9A28F}.Release|Any CPU.ActiveCfg = Release|Any CPU
		{06E966BC-B4C6-466A-8BA6-EC1C53D9A28F}.Release|Any CPU.Build.0 = Release|Any CPU
		{F364653E-7174-49BC-AD99-E29316DFC160}.Debug|Any CPU.ActiveCfg = Debug|Any CPU
		{F364653E-7174-49BC-AD99-E29316DFC160}.Debug|Any CPU.Build.0 = Debug|Any CPU
		{F364653E-7174-49BC-AD99-E29316DFC160}.Release|Any CPU.ActiveCfg = Release|Any CPU
		{F364653E-7174-49BC-AD99-E29316DFC160}.Release|Any CPU.Build.0 = Release|Any CPU
		{9661F990-8346-4A4F-A258-C2D3C0247DB6}.Debug|Any CPU.ActiveCfg = Debug|Any CPU
		{9661F990-8346-4A4F-A258-C2D3C0247DB6}.Debug|Any CPU.Build.0 = Debug|Any CPU
		{9661F990-8346-4A4F-A258-C2D3C0247DB6}.Release|Any CPU.ActiveCfg = Release|Any CPU
		{9661F990-8346-4A4F-A258-C2D3C0247DB6}.Release|Any CPU.Build.0 = Release|Any CPU
		{396731EE-B28C-41E8-85FD-EC0056D82CE3}.Debug|Any CPU.ActiveCfg = Debug|Any CPU
		{396731EE-B28C-41E8-85FD-EC0056D82CE3}.Debug|Any CPU.Build.0 = Debug|Any CPU
		{396731EE-B28C-41E8-85FD-EC0056D82CE3}.Release|Any CPU.ActiveCfg = Release|Any CPU
		{396731EE-B28C-41E8-85FD-EC0056D82CE3}.Release|Any CPU.Build.0 = Release|Any CPU
		{19D15333-8C87-40DF-94EF-EE7FB6D903AD}.Debug|Any CPU.ActiveCfg = Debug|Any CPU
		{19D15333-8C87-40DF-94EF-EE7FB6D903AD}.Debug|Any CPU.Build.0 = Debug|Any CPU
		{19D15333-8C87-40DF-94EF-EE7FB6D903AD}.Release|Any CPU.ActiveCfg = Release|Any CPU
		{19D15333-8C87-40DF-94EF-EE7FB6D903AD}.Release|Any CPU.Build.0 = Release|Any CPU
		{E422C42D-5E84-445E-8A38-B6C912F8232B}.Debug|Any CPU.ActiveCfg = Debug|Any CPU
		{E422C42D-5E84-445E-8A38-B6C912F8232B}.Debug|Any CPU.Build.0 = Debug|Any CPU
		{E422C42D-5E84-445E-8A38-B6C912F8232B}.Release|Any CPU.ActiveCfg = Release|Any CPU
		{E422C42D-5E84-445E-8A38-B6C912F8232B}.Release|Any CPU.Build.0 = Release|Any CPU
		{9858AD94-9C55-4C87-B1B0-CA31AA76C712}.Debug|Any CPU.ActiveCfg = Debug|Any CPU
		{9858AD94-9C55-4C87-B1B0-CA31AA76C712}.Debug|Any CPU.Build.0 = Debug|Any CPU
		{9858AD94-9C55-4C87-B1B0-CA31AA76C712}.Release|Any CPU.ActiveCfg = Release|Any CPU
		{9858AD94-9C55-4C87-B1B0-CA31AA76C712}.Release|Any CPU.Build.0 = Release|Any CPU
		{54D104AE-7C21-4BED-B146-5B95D9DD40C0}.Debug|Any CPU.ActiveCfg = Debug|Any CPU
		{54D104AE-7C21-4BED-B146-5B95D9DD40C0}.Debug|Any CPU.Build.0 = Debug|Any CPU
		{54D104AE-7C21-4BED-B146-5B95D9DD40C0}.Release|Any CPU.ActiveCfg = Release|Any CPU
		{54D104AE-7C21-4BED-B146-5B95D9DD40C0}.Release|Any CPU.Build.0 = Release|Any CPU
		{9F4EDC84-23B9-4523-8F00-B1ACC7BA9D3F}.Debug|Any CPU.ActiveCfg = Debug|Any CPU
		{9F4EDC84-23B9-4523-8F00-B1ACC7BA9D3F}.Debug|Any CPU.Build.0 = Debug|Any CPU
		{9F4EDC84-23B9-4523-8F00-B1ACC7BA9D3F}.Release|Any CPU.ActiveCfg = Release|Any CPU
		{9F4EDC84-23B9-4523-8F00-B1ACC7BA9D3F}.Release|Any CPU.Build.0 = Release|Any CPU
		{D26BF7C9-2948-417B-AC4D-8C98E804D653}.Debug|Any CPU.ActiveCfg = Debug|Any CPU
		{D26BF7C9-2948-417B-AC4D-8C98E804D653}.Debug|Any CPU.Build.0 = Debug|Any CPU
		{D26BF7C9-2948-417B-AC4D-8C98E804D653}.Release|Any CPU.ActiveCfg = Release|Any CPU
		{D26BF7C9-2948-417B-AC4D-8C98E804D653}.Release|Any CPU.Build.0 = Release|Any CPU
		{B6103B4B-A36A-42FA-8CC3-DAD5EC359DE1}.Debug|Any CPU.ActiveCfg = Debug|Any CPU
		{B6103B4B-A36A-42FA-8CC3-DAD5EC359DE1}.Debug|Any CPU.Build.0 = Debug|Any CPU
		{B6103B4B-A36A-42FA-8CC3-DAD5EC359DE1}.Release|Any CPU.ActiveCfg = Release|Any CPU
		{B6103B4B-A36A-42FA-8CC3-DAD5EC359DE1}.Release|Any CPU.Build.0 = Release|Any CPU
		{55B9D0A2-975C-465D-94CC-4A46C6B1948C}.Debug|Any CPU.ActiveCfg = Debug|Any CPU
		{55B9D0A2-975C-465D-94CC-4A46C6B1948C}.Debug|Any CPU.Build.0 = Debug|Any CPU
		{55B9D0A2-975C-465D-94CC-4A46C6B1948C}.Release|Any CPU.ActiveCfg = Release|Any CPU
		{55B9D0A2-975C-465D-94CC-4A46C6B1948C}.Release|Any CPU.Build.0 = Release|Any CPU
		{47385738-A066-49F6-B6CF-E8549EDD9F3E}.Debug|Any CPU.ActiveCfg = Debug|Any CPU
		{47385738-A066-49F6-B6CF-E8549EDD9F3E}.Debug|Any CPU.Build.0 = Debug|Any CPU
		{47385738-A066-49F6-B6CF-E8549EDD9F3E}.Release|Any CPU.ActiveCfg = Release|Any CPU
		{47385738-A066-49F6-B6CF-E8549EDD9F3E}.Release|Any CPU.Build.0 = Release|Any CPU
		{6C56DE95-8430-4896-A894-C8D306FD9D2F}.Debug|Any CPU.ActiveCfg = Debug|Any CPU
		{6C56DE95-8430-4896-A894-C8D306FD9D2F}.Debug|Any CPU.Build.0 = Debug|Any CPU
		{6C56DE95-8430-4896-A894-C8D306FD9D2F}.Release|Any CPU.ActiveCfg = Release|Any CPU
		{6C56DE95-8430-4896-A894-C8D306FD9D2F}.Release|Any CPU.Build.0 = Release|Any CPU
		{C17E3930-F0A9-4F80-A7B2-73443EC88080}.Debug|Any CPU.ActiveCfg = Debug|Any CPU
		{C17E3930-F0A9-4F80-A7B2-73443EC88080}.Debug|Any CPU.Build.0 = Debug|Any CPU
		{C17E3930-F0A9-4F80-A7B2-73443EC88080}.Release|Any CPU.ActiveCfg = Release|Any CPU
		{C17E3930-F0A9-4F80-A7B2-73443EC88080}.Release|Any CPU.Build.0 = Release|Any CPU
		{006AACE1-9218-438E-A46F-67F3E9913521}.Debug|Any CPU.ActiveCfg = Debug|Any CPU
		{006AACE1-9218-438E-A46F-67F3E9913521}.Debug|Any CPU.Build.0 = Debug|Any CPU
		{006AACE1-9218-438E-A46F-67F3E9913521}.Release|Any CPU.ActiveCfg = Release|Any CPU
		{006AACE1-9218-438E-A46F-67F3E9913521}.Release|Any CPU.Build.0 = Release|Any CPU
		{63C8D7CD-1776-4BBA-A50C-F4F67CF537F5}.Debug|Any CPU.ActiveCfg = Debug|Any CPU
		{63C8D7CD-1776-4BBA-A50C-F4F67CF537F5}.Debug|Any CPU.Build.0 = Debug|Any CPU
		{63C8D7CD-1776-4BBA-A50C-F4F67CF537F5}.Release|Any CPU.ActiveCfg = Release|Any CPU
		{63C8D7CD-1776-4BBA-A50C-F4F67CF537F5}.Release|Any CPU.Build.0 = Release|Any CPU
	EndGlobalSection
	GlobalSection(SolutionProperties) = preSolution
		HideSolutionNode = FALSE
	EndGlobalSection
	GlobalSection(NestedProjects) = preSolution
		{FF1BD334-3B66-458F-8D5B-BB35DE915205} = {9DFAABF8-8C10-4FED-B9A9-85EE039977CB}
		{7F52C610-6019-4D57-879A-AB3F1625B47A} = {9DFAABF8-8C10-4FED-B9A9-85EE039977CB}
		{2FABD0AA-0356-489A-927B-FF51419BB31C} = {9DFAABF8-8C10-4FED-B9A9-85EE039977CB}
		{346222B4-9965-47F1-A2BA-D0770B510170} = {9DFAABF8-8C10-4FED-B9A9-85EE039977CB}
		{86364E09-B29B-4428-95FC-0A77803C2E1A} = {9DFAABF8-8C10-4FED-B9A9-85EE039977CB}
		{CE471E7B-1EFA-4BE1-8429-983D190A72F5} = {9DFAABF8-8C10-4FED-B9A9-85EE039977CB}
		{C95BA74C-7FBA-4C6D-BC83-41B3D21246EC} = {9DFAABF8-8C10-4FED-B9A9-85EE039977CB}
		{AD19EA88-DE73-495E-88FD-6CF7C55C1D9D} = {9DFAABF8-8C10-4FED-B9A9-85EE039977CB}
		{54151423-AA52-4740-85D4-86842D81CEBC} = {9DFAABF8-8C10-4FED-B9A9-85EE039977CB}
		{ED24C880-0D01-4564-9FB4-150CED9D773F} = {9DFAABF8-8C10-4FED-B9A9-85EE039977CB}
		{4EA50CED-8443-45B7-8ED7-B6BD9B193913} = {9DFAABF8-8C10-4FED-B9A9-85EE039977CB}
		{CC8C28A9-6A5E-4729-9DD3-820B08F00F0A} = {9DFAABF8-8C10-4FED-B9A9-85EE039977CB}
		{E257C16A-7CE3-4921-A83A-9922B7F47C16} = {9DFAABF8-8C10-4FED-B9A9-85EE039977CB}
		{F89F59C0-724F-4712-9C48-AD398BDFC43A} = {9DFAABF8-8C10-4FED-B9A9-85EE039977CB}
		{A8FF790E-8974-4D4B-BFC5-364933DD3BCC} = {9DFAABF8-8C10-4FED-B9A9-85EE039977CB}
		{1DE17E16-B668-41FB-9F23-C51EEC99EFEF} = {9DFAABF8-8C10-4FED-B9A9-85EE039977CB}
		{86210170-C70D-4B29-B2DB-FF53F044B093} = {9DFAABF8-8C10-4FED-B9A9-85EE039977CB}
		{11D83F6A-B7BB-4A51-BAC1-CDA9A9AD8C53} = {9DFAABF8-8C10-4FED-B9A9-85EE039977CB}
		{06803C82-6844-4FDA-BC0E-1169DA307B89} = {9DFAABF8-8C10-4FED-B9A9-85EE039977CB}
		{4AE935EC-E1AD-4CF8-86CA-3156A5A75CEB} = {9DFAABF8-8C10-4FED-B9A9-85EE039977CB}
		{2BE6FAE8-C939-4ED5-8C2B-21D8679FCA10} = {F3BF1557-1643-4BD4-BDD2-3598E17719F9}
		{3D0B31A8-AB33-4F72-A691-5151DE92E7B6} = {F3BF1557-1643-4BD4-BDD2-3598E17719F9}
		{AB2FCF6F-15E5-4FF0-A9FF-075522026855} = {F3BF1557-1643-4BD4-BDD2-3598E17719F9}
		{6A5C3C5E-01BC-419E-BFA2-7652ECA55F99} = {F3BF1557-1643-4BD4-BDD2-3598E17719F9}
		{064CA4BB-5A4E-40AD-A32E-950F1DF08AED} = {F3BF1557-1643-4BD4-BDD2-3598E17719F9}
		{FF16E804-A4B0-4E83-8AD3-52B4FB3540CB} = {F3BF1557-1643-4BD4-BDD2-3598E17719F9}
		{A102E7C5-1C43-4694-BD97-DEF8ACF404F8} = {F3BF1557-1643-4BD4-BDD2-3598E17719F9}
		{C957FFC9-1B1D-4AA1-824B-C1940CD43F45} = {F3BF1557-1643-4BD4-BDD2-3598E17719F9}
		{092CB6E6-41E5-4CA1-9B53-83717D35CA92} = {F3BF1557-1643-4BD4-BDD2-3598E17719F9}
		{285BF2F5-783B-43F2-B7D5-51C38D6A5C3D} = {F3BF1557-1643-4BD4-BDD2-3598E17719F9}
		{F3BC32F1-44F0-4581-86F0-3AC0BC9FA656} = {F3BF1557-1643-4BD4-BDD2-3598E17719F9}
		{655180C1-85E8-46ED-B422-4DF011BE6A20} = {F3BF1557-1643-4BD4-BDD2-3598E17719F9}
		{BE9C7C12-69A0-4F33-BE43-8128CBC033BC} = {655180C1-85E8-46ED-B422-4DF011BE6A20}
		{7E40A589-6F75-455A-A49A-255A2A81862A} = {655180C1-85E8-46ED-B422-4DF011BE6A20}
		{D78226C0-D3D9-4FA7-B0B6-22E7A20146FC} = {655180C1-85E8-46ED-B422-4DF011BE6A20}
		{95CACE04-1BA1-473D-ABFB-617E09A5B9F1} = {C957FAFB-595C-4213-8806-2E6647C5E080}
		{8409B45F-4FDD-4380-9C31-89EE66A73749} = {C957FAFB-595C-4213-8806-2E6647C5E080}
		{9AC9D826-7C9D-41CD-A403-307ABC908C7C} = {C957FAFB-595C-4213-8806-2E6647C5E080}
		{1B4CD7E9-C436-47EB-AE10-2CA40948A5A9} = {C957FAFB-595C-4213-8806-2E6647C5E080}
		{DCFA053B-E7E8-412B-AFE7-BA70A01333BB} = {C957FAFB-595C-4213-8806-2E6647C5E080}
		{D5F5DB10-A41A-4B6C-8D9B-A63E2D67F7E4} = {C957FAFB-595C-4213-8806-2E6647C5E080}
		{94017E94-588D-4BB2-9B10-725EAEC1A956} = {C957FAFB-595C-4213-8806-2E6647C5E080}
		{C2CA67CD-83CD-4E93-9010-DA0BB7F0BB07} = {C957FAFB-595C-4213-8806-2E6647C5E080}
		{1EC0DEB4-5C6E-4899-B15E-9072D0AE5898} = {C957FAFB-595C-4213-8806-2E6647C5E080}
		{32F3980F-3E28-4F2A-BBC0-734CC89252B4} = {C957FAFB-595C-4213-8806-2E6647C5E080}
		{24E4B5A5-4269-4A3B-90EE-2F8A7AFABD79} = {C957FAFB-595C-4213-8806-2E6647C5E080}
		{3A0646E7-BE05-4EB1-ABEE-879F0A1B34E0} = {D0F56085-09F9-48BB-BF59-8084370387F8}
		{594AC19B-0339-40E0-A451-287DA868FF9D} = {D0F56085-09F9-48BB-BF59-8084370387F8}
		{5EEAFEAA-BBC5-4A40-9E6E-90E0481026F3} = {D0F56085-09F9-48BB-BF59-8084370387F8}
		{907BFD0A-59E5-46A2-A16C-92940D097AF3} = {D0F56085-09F9-48BB-BF59-8084370387F8}
		{B67F5742-B3D0-4A75-B87A-6EC2C03E7C0C} = {D0F56085-09F9-48BB-BF59-8084370387F8}
		{4256217D-CFD2-4371-8EA5-30820DDCCC2B} = {C957FAFB-595C-4213-8806-2E6647C5E080}
		{1F92A566-397E-4295-8A25-40F6EAE099F6} = {C957FAFB-595C-4213-8806-2E6647C5E080}
		{878E6CAF-5E2E-41F7-84B3-73F8CBA09F6E} = {C957FAFB-595C-4213-8806-2E6647C5E080}
		{6AD581F1-8384-452D-82FF-C53377B7CD59} = {C957FAFB-595C-4213-8806-2E6647C5E080}
		{B3AFCD77-9A49-4982-ADAC-FEE621FA1B60} = {D0F56085-09F9-48BB-BF59-8084370387F8}
		{021C7345-92A2-4DAF-97D6-E0D9D135FA06} = {C957FAFB-595C-4213-8806-2E6647C5E080}
		{06E966BC-B4C6-466A-8BA6-EC1C53D9A28F} = {C957FAFB-595C-4213-8806-2E6647C5E080}
		{F364653E-7174-49BC-AD99-E29316DFC160} = {D0F56085-09F9-48BB-BF59-8084370387F8}
		{9661F990-8346-4A4F-A258-C2D3C0247DB6} = {D0F56085-09F9-48BB-BF59-8084370387F8}
		{396731EE-B28C-41E8-85FD-EC0056D82CE3} = {D0F56085-09F9-48BB-BF59-8084370387F8}
		{19D15333-8C87-40DF-94EF-EE7FB6D903AD} = {D0F56085-09F9-48BB-BF59-8084370387F8}
		{E422C42D-5E84-445E-8A38-B6C912F8232B} = {D0F56085-09F9-48BB-BF59-8084370387F8}
		{9858AD94-9C55-4C87-B1B0-CA31AA76C712} = {D0F56085-09F9-48BB-BF59-8084370387F8}
		{54D104AE-7C21-4BED-B146-5B95D9DD40C0} = {D0F56085-09F9-48BB-BF59-8084370387F8}
		{9F4EDC84-23B9-4523-8F00-B1ACC7BA9D3F} = {FD62564A-0660-4FB7-81AA-04A600A5F01F}
		{D26BF7C9-2948-417B-AC4D-8C98E804D653} = {FD62564A-0660-4FB7-81AA-04A600A5F01F}
		{B6103B4B-A36A-42FA-8CC3-DAD5EC359DE1} = {FD62564A-0660-4FB7-81AA-04A600A5F01F}
		{55B9D0A2-975C-465D-94CC-4A46C6B1948C} = {FD62564A-0660-4FB7-81AA-04A600A5F01F}
		{47385738-A066-49F6-B6CF-E8549EDD9F3E} = {FD62564A-0660-4FB7-81AA-04A600A5F01F}
		{6C56DE95-8430-4896-A894-C8D306FD9D2F} = {FD62564A-0660-4FB7-81AA-04A600A5F01F}
		{C17E3930-F0A9-4F80-A7B2-73443EC88080} = {FD62564A-0660-4FB7-81AA-04A600A5F01F}
		{006AACE1-9218-438E-A46F-67F3E9913521} = {FD62564A-0660-4FB7-81AA-04A600A5F01F}
		{63C8D7CD-1776-4BBA-A50C-F4F67CF537F5} = {FD62564A-0660-4FB7-81AA-04A600A5F01F}
	EndGlobalSection
	GlobalSection(ExtensibilityGlobals) = postSolution
		SolutionGuid = {7DA0AA13-F566-464D-8941-F9FFBBE205F1}
	EndGlobalSection
EndGlobal
